// !$*UTF8*$!
{
	archiveVersion = 1;
	classes = {
	};
	objectVersion = 50;
	objects = {

/* Begin PBXBuildFile section */
		DDD3F154240D604C0036B248 /* BreatheReplica WatchKit App.app in Embed Watch Content */ = {isa = PBXBuildFile; fileRef = DDD3F153240D604C0036B248 /* BreatheReplica WatchKit App.app */; settings = {ATTRIBUTES = (RemoveHeadersOnCopy, ); }; };
		DDD3F15A240D604C0036B248 /* Interface.storyboard in Resources */ = {isa = PBXBuildFile; fileRef = DDD3F158240D604C0036B248 /* Interface.storyboard */; };
		DDD3F15C240D604D0036B248 /* Assets.xcassets in Resources */ = {isa = PBXBuildFile; fileRef = DDD3F15B240D604D0036B248 /* Assets.xcassets */; };
		DDD3F163240D604D0036B248 /* BreatheReplica WatchKit Extension.appex in Embed App Extensions */ = {isa = PBXBuildFile; fileRef = DDD3F162240D604D0036B248 /* BreatheReplica WatchKit Extension.appex */; settings = {ATTRIBUTES = (RemoveHeadersOnCopy, ); }; };
		DDD3F168240D604D0036B248 /* ContentView.swift in Sources */ = {isa = PBXBuildFile; fileRef = DDD3F167240D604D0036B248 /* ContentView.swift */; };
		DDD3F16A240D604D0036B248 /* HostingController.swift in Sources */ = {isa = PBXBuildFile; fileRef = DDD3F169240D604D0036B248 /* HostingController.swift */; };
		DDD3F16C240D604D0036B248 /* ExtensionDelegate.swift in Sources */ = {isa = PBXBuildFile; fileRef = DDD3F16B240D604D0036B248 /* ExtensionDelegate.swift */; };
		DDD3F16E240D604E0036B248 /* Assets.xcassets in Resources */ = {isa = PBXBuildFile; fileRef = DDD3F16D240D604E0036B248 /* Assets.xcassets */; };
		DDD3F171240D604E0036B248 /* Preview Assets.xcassets in Resources */ = {isa = PBXBuildFile; fileRef = DDD3F170240D604E0036B248 /* Preview Assets.xcassets */; };
/* End PBXBuildFile section */

/* Begin PBXContainerItemProxy section */
		DDD3F155240D604C0036B248 /* PBXContainerItemProxy */ = {
			isa = PBXContainerItemProxy;
			containerPortal = DDD3F149240D604C0036B248 /* Project object */;
			proxyType = 1;
			remoteGlobalIDString = DDD3F152240D604C0036B248;
			remoteInfo = "BreatheReplica WatchKit App";
		};
		DDD3F164240D604D0036B248 /* PBXContainerItemProxy */ = {
			isa = PBXContainerItemProxy;
			containerPortal = DDD3F149240D604C0036B248 /* Project object */;
			proxyType = 1;
			remoteGlobalIDString = DDD3F161240D604D0036B248;
			remoteInfo = "BreatheReplica WatchKit Extension";
		};
/* End PBXContainerItemProxy section */

/* Begin PBXCopyFilesBuildPhase section */
		DDD3F178240D604E0036B248 /* Embed App Extensions */ = {
			isa = PBXCopyFilesBuildPhase;
			buildActionMask = 2147483647;
			dstPath = "";
			dstSubfolderSpec = 13;
			files = (
				DDD3F163240D604D0036B248 /* BreatheReplica WatchKit Extension.appex in Embed App Extensions */,
			);
			name = "Embed App Extensions";
			runOnlyForDeploymentPostprocessing = 0;
		};
		DDD3F17C240D604E0036B248 /* Embed Watch Content */ = {
			isa = PBXCopyFilesBuildPhase;
			buildActionMask = 2147483647;
			dstPath = "$(CONTENTS_FOLDER_PATH)/Watch";
			dstSubfolderSpec = 16;
			files = (
				DDD3F154240D604C0036B248 /* BreatheReplica WatchKit App.app in Embed Watch Content */,
			);
			name = "Embed Watch Content";
			runOnlyForDeploymentPostprocessing = 0;
		};
/* End PBXCopyFilesBuildPhase section */

/* Begin PBXFileReference section */
		DDD3F14F240D604C0036B248 /* BreatheReplica.app */ = {isa = PBXFileReference; explicitFileType = wrapper.application; includeInIndex = 0; path = BreatheReplica.app; sourceTree = BUILT_PRODUCTS_DIR; };
		DDD3F153240D604C0036B248 /* BreatheReplica WatchKit App.app */ = {isa = PBXFileReference; explicitFileType = wrapper.application; includeInIndex = 0; path = "BreatheReplica WatchKit App.app"; sourceTree = BUILT_PRODUCTS_DIR; };
		DDD3F159240D604C0036B248 /* Base */ = {isa = PBXFileReference; lastKnownFileType = file.storyboard; name = Base; path = Base.lproj/Interface.storyboard; sourceTree = "<group>"; };
		DDD3F15B240D604D0036B248 /* Assets.xcassets */ = {isa = PBXFileReference; lastKnownFileType = folder.assetcatalog; path = Assets.xcassets; sourceTree = "<group>"; };
		DDD3F15D240D604D0036B248 /* Info.plist */ = {isa = PBXFileReference; lastKnownFileType = text.plist.xml; path = Info.plist; sourceTree = "<group>"; };
		DDD3F162240D604D0036B248 /* BreatheReplica WatchKit Extension.appex */ = {isa = PBXFileReference; explicitFileType = "wrapper.app-extension"; includeInIndex = 0; path = "BreatheReplica WatchKit Extension.appex"; sourceTree = BUILT_PRODUCTS_DIR; };
		DDD3F167240D604D0036B248 /* ContentView.swift */ = {isa = PBXFileReference; lastKnownFileType = sourcecode.swift; path = ContentView.swift; sourceTree = "<group>"; };
		DDD3F169240D604D0036B248 /* HostingController.swift */ = {isa = PBXFileReference; lastKnownFileType = sourcecode.swift; path = HostingController.swift; sourceTree = "<group>"; };
		DDD3F16B240D604D0036B248 /* ExtensionDelegate.swift */ = {isa = PBXFileReference; lastKnownFileType = sourcecode.swift; path = ExtensionDelegate.swift; sourceTree = "<group>"; };
		DDD3F16D240D604E0036B248 /* Assets.xcassets */ = {isa = PBXFileReference; lastKnownFileType = folder.assetcatalog; path = Assets.xcassets; sourceTree = "<group>"; };
		DDD3F170240D604E0036B248 /* Preview Assets.xcassets */ = {isa = PBXFileReference; lastKnownFileType = folder.assetcatalog; path = "Preview Assets.xcassets"; sourceTree = "<group>"; };
		DDD3F172240D604E0036B248 /* Info.plist */ = {isa = PBXFileReference; lastKnownFileType = text.plist.xml; path = Info.plist; sourceTree = "<group>"; };
/* End PBXFileReference section */

/* Begin PBXFrameworksBuildPhase section */
		DDD3F15F240D604D0036B248 /* Frameworks */ = {
			isa = PBXFrameworksBuildPhase;
			buildActionMask = 2147483647;
			files = (
			);
			runOnlyForDeploymentPostprocessing = 0;
		};
/* End PBXFrameworksBuildPhase section */

/* Begin PBXGroup section */
		DDD3F148240D604C0036B248 = {
			isa = PBXGroup;
			children = (
				DDD3F157240D604C0036B248 /* BreatheReplica WatchKit App */,
				DDD3F166240D604D0036B248 /* BreatheReplica WatchKit Extension */,
				DDD3F150240D604C0036B248 /* Products */,
			);
			sourceTree = "<group>";
		};
		DDD3F150240D604C0036B248 /* Products */ = {
			isa = PBXGroup;
			children = (
				DDD3F14F240D604C0036B248 /* BreatheReplica.app */,
				DDD3F153240D604C0036B248 /* BreatheReplica WatchKit App.app */,
				DDD3F162240D604D0036B248 /* BreatheReplica WatchKit Extension.appex */,
			);
			name = Products;
			sourceTree = "<group>";
		};
		DDD3F157240D604C0036B248 /* BreatheReplica WatchKit App */ = {
			isa = PBXGroup;
			children = (
				DDD3F158240D604C0036B248 /* Interface.storyboard */,
				DDD3F15B240D604D0036B248 /* Assets.xcassets */,
				DDD3F15D240D604D0036B248 /* Info.plist */,
			);
			path = "BreatheReplica WatchKit App";
			sourceTree = "<group>";
		};
		DDD3F166240D604D0036B248 /* BreatheReplica WatchKit Extension */ = {
			isa = PBXGroup;
			children = (
				DDD3F167240D604D0036B248 /* ContentView.swift */,
				DDD3F169240D604D0036B248 /* HostingController.swift */,
				DDD3F16B240D604D0036B248 /* ExtensionDelegate.swift */,
				DDD3F16D240D604E0036B248 /* Assets.xcassets */,
				DDD3F172240D604E0036B248 /* Info.plist */,
				DDD3F16F240D604E0036B248 /* Preview Content */,
			);
			path = "BreatheReplica WatchKit Extension";
			sourceTree = "<group>";
		};
		DDD3F16F240D604E0036B248 /* Preview Content */ = {
			isa = PBXGroup;
			children = (
				DDD3F170240D604E0036B248 /* Preview Assets.xcassets */,
			);
			path = "Preview Content";
			sourceTree = "<group>";
		};
/* End PBXGroup section */

/* Begin PBXNativeTarget section */
		DDD3F14E240D604C0036B248 /* BreatheReplica */ = {
			isa = PBXNativeTarget;
			buildConfigurationList = DDD3F17D240D604E0036B248 /* Build configuration list for PBXNativeTarget "BreatheReplica" */;
			buildPhases = (
				DDD3F14D240D604C0036B248 /* Resources */,
				DDD3F17C240D604E0036B248 /* Embed Watch Content */,
			);
			buildRules = (
			);
			dependencies = (
				DDD3F156240D604C0036B248 /* PBXTargetDependency */,
			);
			name = BreatheReplica;
			productName = BreatheReplica;
			productReference = DDD3F14F240D604C0036B248 /* BreatheReplica.app */;
			productType = "com.apple.product-type.application.watchapp2-container";
		};
		DDD3F152240D604C0036B248 /* BreatheReplica WatchKit App */ = {
			isa = PBXNativeTarget;
			buildConfigurationList = DDD3F179240D604E0036B248 /* Build configuration list for PBXNativeTarget "BreatheReplica WatchKit App" */;
			buildPhases = (
				DDD3F151240D604C0036B248 /* Resources */,
				DDD3F178240D604E0036B248 /* Embed App Extensions */,
			);
			buildRules = (
			);
			dependencies = (
				DDD3F165240D604D0036B248 /* PBXTargetDependency */,
			);
			name = "BreatheReplica WatchKit App";
			productName = "BreatheReplica WatchKit App";
			productReference = DDD3F153240D604C0036B248 /* BreatheReplica WatchKit App.app */;
			productType = "com.apple.product-type.application.watchapp2";
		};
		DDD3F161240D604D0036B248 /* BreatheReplica WatchKit Extension */ = {
			isa = PBXNativeTarget;
			buildConfigurationList = DDD3F175240D604E0036B248 /* Build configuration list for PBXNativeTarget "BreatheReplica WatchKit Extension" */;
			buildPhases = (
				DDD3F15E240D604D0036B248 /* Sources */,
				DDD3F15F240D604D0036B248 /* Frameworks */,
				DDD3F160240D604D0036B248 /* Resources */,
			);
			buildRules = (
			);
			dependencies = (
			);
			name = "BreatheReplica WatchKit Extension";
			productName = "BreatheReplica WatchKit Extension";
			productReference = DDD3F162240D604D0036B248 /* BreatheReplica WatchKit Extension.appex */;
			productType = "com.apple.product-type.watchkit2-extension";
		};
/* End PBXNativeTarget section */

/* Begin PBXProject section */
		DDD3F149240D604C0036B248 /* Project object */ = {
			isa = PBXProject;
			attributes = {
				LastSwiftUpdateCheck = 1140;
				LastUpgradeCheck = 1140;
				ORGANIZATIONNAME = "Guilherme Rambo";
				TargetAttributes = {
					DDD3F14E240D604C0036B248 = {
						CreatedOnToolsVersion = 11.4;
					};
					DDD3F152240D604C0036B248 = {
						CreatedOnToolsVersion = 11.4;
					};
					DDD3F161240D604D0036B248 = {
						CreatedOnToolsVersion = 11.4;
					};
				};
			};
			buildConfigurationList = DDD3F14C240D604C0036B248 /* Build configuration list for PBXProject "BreatheReplica" */;
			compatibilityVersion = "Xcode 9.3";
			developmentRegion = en;
			hasScannedForEncodings = 0;
			knownRegions = (
				en,
				Base,
			);
			mainGroup = DDD3F148240D604C0036B248;
			productRefGroup = DDD3F150240D604C0036B248 /* Products */;
			projectDirPath = "";
			projectRoot = "";
			targets = (
				DDD3F14E240D604C0036B248 /* BreatheReplica */,
				DDD3F152240D604C0036B248 /* BreatheReplica WatchKit App */,
				DDD3F161240D604D0036B248 /* BreatheReplica WatchKit Extension */,
			);
		};
/* End PBXProject section */

/* Begin PBXResourcesBuildPhase section */
		DDD3F14D240D604C0036B248 /* Resources */ = {
			isa = PBXResourcesBuildPhase;
			buildActionMask = 2147483647;
			files = (
			);
			runOnlyForDeploymentPostprocessing = 0;
		};
		DDD3F151240D604C0036B248 /* Resources */ = {
			isa = PBXResourcesBuildPhase;
			buildActionMask = 2147483647;
			files = (
				DDD3F15C240D604D0036B248 /* Assets.xcassets in Resources */,
				DDD3F15A240D604C0036B248 /* Interface.storyboard in Resources */,
			);
			runOnlyForDeploymentPostprocessing = 0;
		};
		DDD3F160240D604D0036B248 /* Resources */ = {
			isa = PBXResourcesBuildPhase;
			buildActionMask = 2147483647;
			files = (
				DDD3F171240D604E0036B248 /* Preview Assets.xcassets in Resources */,
				DDD3F16E240D604E0036B248 /* Assets.xcassets in Resources */,
			);
			runOnlyForDeploymentPostprocessing = 0;
		};
/* End PBXResourcesBuildPhase section */

/* Begin PBXSourcesBuildPhase section */
		DDD3F15E240D604D0036B248 /* Sources */ = {
			isa = PBXSourcesBuildPhase;
			buildActionMask = 2147483647;
			files = (
				DDD3F16A240D604D0036B248 /* HostingController.swift in Sources */,
				DDD3F168240D604D0036B248 /* ContentView.swift in Sources */,
				DDD3F16C240D604D0036B248 /* ExtensionDelegate.swift in Sources */,
			);
			runOnlyForDeploymentPostprocessing = 0;
		};
/* End PBXSourcesBuildPhase section */

/* Begin PBXTargetDependency section */
		DDD3F156240D604C0036B248 /* PBXTargetDependency */ = {
			isa = PBXTargetDependency;
			target = DDD3F152240D604C0036B248 /* BreatheReplica WatchKit App */;
			targetProxy = DDD3F155240D604C0036B248 /* PBXContainerItemProxy */;
		};
		DDD3F165240D604D0036B248 /* PBXTargetDependency */ = {
			isa = PBXTargetDependency;
			target = DDD3F161240D604D0036B248 /* BreatheReplica WatchKit Extension */;
			targetProxy = DDD3F164240D604D0036B248 /* PBXContainerItemProxy */;
		};
/* End PBXTargetDependency section */

/* Begin PBXVariantGroup section */
		DDD3F158240D604C0036B248 /* Interface.storyboard */ = {
			isa = PBXVariantGroup;
			children = (
				DDD3F159240D604C0036B248 /* Base */,
			);
			name = Interface.storyboard;
			sourceTree = "<group>";
		};
/* End PBXVariantGroup section */

/* Begin XCBuildConfiguration section */
		DDD3F173240D604E0036B248 /* Debug */ = {
			isa = XCBuildConfiguration;
			buildSettings = {
				ALWAYS_SEARCH_USER_PATHS = NO;
				CLANG_ANALYZER_NONNULL = YES;
				CLANG_ANALYZER_NUMBER_OBJECT_CONVERSION = YES_AGGRESSIVE;
				CLANG_CXX_LANGUAGE_STANDARD = "gnu++14";
				CLANG_CXX_LIBRARY = "libc++";
				CLANG_ENABLE_MODULES = YES;
				CLANG_ENABLE_OBJC_ARC = YES;
				CLANG_ENABLE_OBJC_WEAK = YES;
				CLANG_WARN_BLOCK_CAPTURE_AUTORELEASING = YES;
				CLANG_WARN_BOOL_CONVERSION = YES;
				CLANG_WARN_COMMA = YES;
				CLANG_WARN_CONSTANT_CONVERSION = YES;
				CLANG_WARN_DEPRECATED_OBJC_IMPLEMENTATIONS = YES;
				CLANG_WARN_DIRECT_OBJC_ISA_USAGE = YES_ERROR;
				CLANG_WARN_DOCUMENTATION_COMMENTS = YES;
				CLANG_WARN_EMPTY_BODY = YES;
				CLANG_WARN_ENUM_CONVERSION = YES;
				CLANG_WARN_INFINITE_RECURSION = YES;
				CLANG_WARN_INT_CONVERSION = YES;
				CLANG_WARN_NON_LITERAL_NULL_CONVERSION = YES;
				CLANG_WARN_OBJC_IMPLICIT_RETAIN_SELF = YES;
				CLANG_WARN_OBJC_LITERAL_CONVERSION = YES;
				CLANG_WARN_OBJC_ROOT_CLASS = YES_ERROR;
				CLANG_WARN_RANGE_LOOP_ANALYSIS = YES;
				CLANG_WARN_STRICT_PROTOTYPES = YES;
				CLANG_WARN_SUSPICIOUS_MOVE = YES;
				CLANG_WARN_UNGUARDED_AVAILABILITY = YES_AGGRESSIVE;
				CLANG_WARN_UNREACHABLE_CODE = YES;
				CLANG_WARN__DUPLICATE_METHOD_MATCH = YES;
				COPY_PHASE_STRIP = NO;
				DEBUG_INFORMATION_FORMAT = dwarf;
				ENABLE_STRICT_OBJC_MSGSEND = YES;
				ENABLE_TESTABILITY = YES;
				GCC_C_LANGUAGE_STANDARD = gnu11;
				GCC_DYNAMIC_NO_PIC = NO;
				GCC_NO_COMMON_BLOCKS = YES;
				GCC_OPTIMIZATION_LEVEL = 0;
				GCC_PREPROCESSOR_DEFINITIONS = (
					"DEBUG=1",
					"$(inherited)",
				);
				GCC_WARN_64_TO_32_BIT_CONVERSION = YES;
				GCC_WARN_ABOUT_RETURN_TYPE = YES_ERROR;
				GCC_WARN_UNDECLARED_SELECTOR = YES;
				GCC_WARN_UNINITIALIZED_AUTOS = YES_AGGRESSIVE;
				GCC_WARN_UNUSED_FUNCTION = YES;
				GCC_WARN_UNUSED_VARIABLE = YES;
				MTL_ENABLE_DEBUG_INFO = INCLUDE_SOURCE;
				MTL_FAST_MATH = YES;
				ONLY_ACTIVE_ARCH = YES;
				SDKROOT = iphoneos;
				SWIFT_ACTIVE_COMPILATION_CONDITIONS = DEBUG;
				SWIFT_OPTIMIZATION_LEVEL = "-Onone";
			};
			name = Debug;
		};
		DDD3F174240D604E0036B248 /* Release */ = {
			isa = XCBuildConfiguration;
			buildSettings = {
				ALWAYS_SEARCH_USER_PATHS = NO;
				CLANG_ANALYZER_NONNULL = YES;
				CLANG_ANALYZER_NUMBER_OBJECT_CONVERSION = YES_AGGRESSIVE;
				CLANG_CXX_LANGUAGE_STANDARD = "gnu++14";
				CLANG_CXX_LIBRARY = "libc++";
				CLANG_ENABLE_MODULES = YES;
				CLANG_ENABLE_OBJC_ARC = YES;
				CLANG_ENABLE_OBJC_WEAK = YES;
				CLANG_WARN_BLOCK_CAPTURE_AUTORELEASING = YES;
				CLANG_WARN_BOOL_CONVERSION = YES;
				CLANG_WARN_COMMA = YES;
				CLANG_WARN_CONSTANT_CONVERSION = YES;
				CLANG_WARN_DEPRECATED_OBJC_IMPLEMENTATIONS = YES;
				CLANG_WARN_DIRECT_OBJC_ISA_USAGE = YES_ERROR;
				CLANG_WARN_DOCUMENTATION_COMMENTS = YES;
				CLANG_WARN_EMPTY_BODY = YES;
				CLANG_WARN_ENUM_CONVERSION = YES;
				CLANG_WARN_INFINITE_RECURSION = YES;
				CLANG_WARN_INT_CONVERSION = YES;
				CLANG_WARN_NON_LITERAL_NULL_CONVERSION = YES;
				CLANG_WARN_OBJC_IMPLICIT_RETAIN_SELF = YES;
				CLANG_WARN_OBJC_LITERAL_CONVERSION = YES;
				CLANG_WARN_OBJC_ROOT_CLASS = YES_ERROR;
				CLANG_WARN_RANGE_LOOP_ANALYSIS = YES;
				CLANG_WARN_STRICT_PROTOTYPES = YES;
				CLANG_WARN_SUSPICIOUS_MOVE = YES;
				CLANG_WARN_UNGUARDED_AVAILABILITY = YES_AGGRESSIVE;
				CLANG_WARN_UNREACHABLE_CODE = YES;
				CLANG_WARN__DUPLICATE_METHOD_MATCH = YES;
				COPY_PHASE_STRIP = NO;
				DEBUG_INFORMATION_FORMAT = "dwarf-with-dsym";
				ENABLE_NS_ASSERTIONS = NO;
				ENABLE_STRICT_OBJC_MSGSEND = YES;
				GCC_C_LANGUAGE_STANDARD = gnu11;
				GCC_NO_COMMON_BLOCKS = YES;
				GCC_WARN_64_TO_32_BIT_CONVERSION = YES;
				GCC_WARN_ABOUT_RETURN_TYPE = YES_ERROR;
				GCC_WARN_UNDECLARED_SELECTOR = YES;
				GCC_WARN_UNINITIALIZED_AUTOS = YES_AGGRESSIVE;
				GCC_WARN_UNUSED_FUNCTION = YES;
				GCC_WARN_UNUSED_VARIABLE = YES;
				MTL_ENABLE_DEBUG_INFO = NO;
				MTL_FAST_MATH = YES;
				SDKROOT = iphoneos;
				SWIFT_COMPILATION_MODE = wholemodule;
				SWIFT_OPTIMIZATION_LEVEL = "-O";
				VALIDATE_PRODUCT = YES;
			};
			name = Release;
		};
		DDD3F176240D604E0036B248 /* Debug */ = {
			isa = XCBuildConfiguration;
			buildSettings = {
				ASSETCATALOG_COMPILER_COMPLICATION_NAME = Complication;
				CODE_SIGN_STYLE = Automatic;
				DEVELOPMENT_ASSET_PATHS = "\"BreatheReplica WatchKit Extension/Preview Content\"";
				DEVELOPMENT_TEAM = 8C7439RJLG;
				ENABLE_PREVIEWS = YES;
				INFOPLIST_FILE = "BreatheReplica WatchKit Extension/Info.plist";
				LD_RUNPATH_SEARCH_PATHS = (
					"$(inherited)",
					"@executable_path/Frameworks",
					"@executable_path/../../Frameworks",
				);
				PRODUCT_BUNDLE_IDENTIFIER = codes.rambo.BreatheReplica.watchkitapp.watchkitextension;
				PRODUCT_NAME = "${TARGET_NAME}";
				SDKROOT = watchos;
				SKIP_INSTALL = YES;
				SWIFT_VERSION = 5.0;
				TARGETED_DEVICE_FAMILY = 4;
				WATCHOS_DEPLOYMENT_TARGET = 6.2;
			};
			name = Debug;
		};
		DDD3F177240D604E0036B248 /* Release */ = {
			isa = XCBuildConfiguration;
			buildSettings = {
				ASSETCATALOG_COMPILER_COMPLICATION_NAME = Complication;
				CODE_SIGN_STYLE = Automatic;
				DEVELOPMENT_ASSET_PATHS = "\"BreatheReplica WatchKit Extension/Preview Content\"";
				DEVELOPMENT_TEAM = 8C7439RJLG;
				ENABLE_PREVIEWS = YES;
				INFOPLIST_FILE = "BreatheReplica WatchKit Extension/Info.plist";
				LD_RUNPATH_SEARCH_PATHS = (
					"$(inherited)",
					"@executable_path/Frameworks",
					"@executable_path/../../Frameworks",
				);
				PRODUCT_BUNDLE_IDENTIFIER = codes.rambo.BreatheReplica.watchkitapp.watchkitextension;
				PRODUCT_NAME = "${TARGET_NAME}";
				SDKROOT = watchos;
				SKIP_INSTALL = YES;
				SWIFT_VERSION = 5.0;
				TARGETED_DEVICE_FAMILY = 4;
				WATCHOS_DEPLOYMENT_TARGET = 6.2;
			};
			name = Release;
		};
		DDD3F17A240D604E0036B248 /* Debug */ = {
			isa = XCBuildConfiguration;
			buildSettings = {
				ALWAYS_EMBED_SWIFT_STANDARD_LIBRARIES = YES;
				ASSETCATALOG_COMPILER_APPICON_NAME = AppIcon;
				CODE_SIGN_STYLE = Automatic;
				DEVELOPMENT_TEAM = 8C7439RJLG;
				IBSC_MODULE = BreatheReplica_WatchKit_Extension;
				INFOPLIST_FILE = "BreatheReplica WatchKit App/Info.plist";
				PRODUCT_BUNDLE_IDENTIFIER = codes.rambo.BreatheReplica.watchkitapp;
				PRODUCT_NAME = "$(TARGET_NAME)";
				SDKROOT = watchos;
				SKIP_INSTALL = YES;
				SWIFT_VERSION = 5.0;
				TARGETED_DEVICE_FAMILY = 4;
				WATCHOS_DEPLOYMENT_TARGET = 6.2;
			};
			name = Debug;
		};
		DDD3F17B240D604E0036B248 /* Release */ = {
			isa = XCBuildConfiguration;
			buildSettings = {
				ALWAYS_EMBED_SWIFT_STANDARD_LIBRARIES = YES;
				ASSETCATALOG_COMPILER_APPICON_NAME = AppIcon;
				CODE_SIGN_STYLE = Automatic;
				DEVELOPMENT_TEAM = 8C7439RJLG;
				IBSC_MODULE = BreatheReplica_WatchKit_Extension;
				INFOPLIST_FILE = "BreatheReplica WatchKit App/Info.plist";
				PRODUCT_BUNDLE_IDENTIFIER = codes.rambo.BreatheReplica.watchkitapp;
				PRODUCT_NAME = "$(TARGET_NAME)";
				SDKROOT = watchos;
				SKIP_INSTALL = YES;
				SWIFT_VERSION = 5.0;
				TARGETED_DEVICE_FAMILY = 4;
				WATCHOS_DEPLOYMENT_TARGET = 6.2;
			};
			name = Release;
		};
		DDD3F17E240D604E0036B248 /* Debug */ = {
			isa = XCBuildConfiguration;
			buildSettings = {
				CODE_SIGN_STYLE = Automatic;
				CURRENT_PROJECT_VERSION = 1;
				DEVELOPMENT_TEAM = 8C7439RJLG;
				MARKETING_VERSION = 1.0;
				PRODUCT_BUNDLE_IDENTIFIER = codes.rambo.BreatheReplica;
				PRODUCT_NAME = "$(TARGET_NAME)";
				SWIFT_VERSION = 5.0;
			};
			name = Debug;
		};
		DDD3F17F240D604E0036B248 /* Release */ = {
			isa = XCBuildConfiguration;
			buildSettings = {
				CODE_SIGN_STYLE = Automatic;
				CURRENT_PROJECT_VERSION = 1;
				DEVELOPMENT_TEAM = 8C7439RJLG;
				MARKETING_VERSION = 1.0;
				PRODUCT_BUNDLE_IDENTIFIER = codes.rambo.BreatheReplica;
				PRODUCT_NAME = "$(TARGET_NAME)";
				SWIFT_VERSION = 5.0;
			};
			name = Release;
		};
/* End XCBuildConfiguration section */

/* Begin XCConfigurationList section */
		DDD3F14C240D604C0036B248 /* Build configuration list for PBXProject "BreatheReplica" */ = {
			isa = XCConfigurationList;
			buildConfigurations = (
				DDD3F173240D604E0036B248 /* Debug */,
				DDD3F174240D604E0036B248 /* Release */,
			);
			defaultConfigurationIsVisible = 0;
			defaultConfigurationName = Release;
		};
		DDD3F175240D604E0036B248 /* Build configuration list for PBXNativeTarget "BreatheReplica WatchKit Extension" */ = {
			isa = XCConfigurationList;
			buildConfigurations = (
				DDD3F176240D604E0036B248 /* Debug */,
				DDD3F177240D604E0036B248 /* Release */,
			);
			defaultConfigurationIsVisible = 0;
			defaultConfigurationName = Release;
		};
		DDD3F179240D604E0036B248 /* Build configuration list for PBXNativeTarget "BreatheReplica WatchKit App" */ = {
			isa = XCConfigurationList;
			buildConfigurations = (
				DDD3F17A240D604E0036B248 /* Debug */,
				DDD3F17B240D604E0036B248 /* Release */,
			);
			defaultConfigurationIsVisible = 0;
			defaultConfigurationName = Release;
		};
		DDD3F17D240D604E0036B248 /* Build configuration list for PBXNativeTarget "BreatheReplica" */ = {
			isa = XCConfigurationList;
			buildConfigurations = (
				DDD3F17E240D604E0036B248 /* Debug */,
				DDD3F17F240D604E0036B248 /* Release */,
			);
			defaultConfigurationIsVisible = 0;
			defaultConfigurationName = Release;
		};
/* End XCConfigurationList section */
	};
	rootObject = DDD3F149240D604C0036B248 /* Project object */;
}
